
Microsoft Visual Studio Solution File, Format Version 12.00
# Visual Studio Version 17
VisualStudioVersion = 17.3.32922.545
MinimumVisualStudioVersion = 10.0.40219.1
Project("{FAE04EC0-301F-11D3-BF4B-00C04F79EFBC}") = "NavigationExample11B1", "NavigationExample11B1\NavigationExample11B1.csproj", "{81854846-CD34-446D-9890-20497540575C}"
EndProject
Global
	GlobalSection(SolutionConfigurationPlatforms) = preSolution
		Debug|Any CPU = Debug|Any CPU
		Release|Any CPU = Release|Any CPU
	EndGlobalSection
	GlobalSection(ProjectConfigurationPlatforms) = postSolution
		{81854846-CD34-446D-9890-20497540575C}.Debug|Any CPU.ActiveCfg = Debug|Any CPU
		{81854846-CD34-446D-9890-20497540575C}.Debug|Any CPU.Build.0 = Debug|Any CPU
		{81854846-CD34-446D-9890-20497540575C}.Release|Any CPU.ActiveCfg = Release|Any CPU
		{81854846-CD34-446D-9890-20497540575C}.Release|Any CPU.Build.0 = Release|Any CPU
	EndGlobalSection
	GlobalSection(SolutionProperties) = preSolution
		HideSolutionNode = FALSE
	EndGlobalSection
	GlobalSection(ExtensibilityGlobals) = postSolution
		SolutionGuid = {FDDBFFAD-3654-4E45-9749-93C9C81165D6}
	EndGlobalSection
EndGlobal
